<?xml version="1.0" encoding="utf-8"?>
<Project ToolsVersion="4.0" xmlns="http://schemas.microsoft.com/developer/msbuild/2003">
  <ItemGroup>
    <Filter Include="Source Files">
      <UniqueIdentifier>{4FC737F1-C7A5-4376-A066-2A32D752A2FF}</UniqueIdentifier>
      <Extensions>cpp;c;cc;cxx;def;odl;idl;hpj;bat;asm;asmx</Extensions>
    </Filter>
    <Filter Include="Header Files">
      <UniqueIdentifier>{93995380-89BD-4b04-88EB-625FBE52EBFB}</UniqueIdentifier>
      <Extensions>h;hh;hpp;hxx;hm;inl;inc;xsd</Extensions>
    </Filter>
    <Filter Include="Resource Files">
      <UniqueIdentifier>{67DA6AB6-F800-4c08-8B7A-83BB121AAD01}</UniqueIdentifier>
      <Extensions>rc;ico;cur;bmp;dlg;rc2;rct;bin;rgs;gif;jpg;jpeg;jpe;resx;tiff;tif;png;wav;mfcribbon-ms</Extensions>
    </Filter>
    <Filter Include="Engine">
      <UniqueIdentifier>{7c88ee54-beb9-47b1-9f4c-6acec6463b07}</UniqueIdentifier>
    </Filter>
    <Filter Include="ECS">
      <UniqueIdentifier>{14634b61-3d85-4094-a579-839d24d9384a}</UniqueIdentifier>
    </Filter>
    <Filter Include="ECS\Components">
      <UniqueIdentifier>{01617033-a931-48cc-97ef-89defd62059c}</UniqueIdentifier>
    </Filter>
    <Filter Include="User Interface">
      <UniqueIdentifier>{76c1fd99-aeca-4e35-ab51-729f1f6bae07}</UniqueIdentifier>
    </Filter>
    <Filter Include="Managers">
      <UniqueIdentifier>{67648044-db81-4d41-9610-0c289dc65b4e}</UniqueIdentifier>
    </Filter>
    <Filter Include="Objects">
      <UniqueIdentifier>{48b21499-dc51-4e0d-a3a3-97d4377962c5}</UniqueIdentifier>
    </Filter>
    <Filter Include="Levels">
      <UniqueIdentifier>{f77d6d0d-7353-49b5-b58f-f2888022feb8}</UniqueIdentifier>
    </Filter>
    <Filter Include="Actor">
      <UniqueIdentifier>{ae6dbfb9-ae7f-4a3c-93f7-778977e92935}</UniqueIdentifier>
    </Filter>
  </ItemGroup>
  <ItemGroup>
    <ClCompile Include="Main.cpp">
      <Filter>Source Files</Filter>
    </ClCompile>
    <ClCompile Include="SimpleTimer.cpp">
      <Filter>Source Files</Filter>
    </ClCompile>
    <ClCompile Include="Locator.cpp">
      <Filter>Source Files</Filter>
    </ClCompile>
    <ClCompile Include="D2DWindow.cpp">
      <Filter>Engine</Filter>
    </ClCompile>
    <ClCompile Include="Keyboard.cpp">
      <Filter>Engine</Filter>
    </ClCompile>
    <ClCompile Include="Mouse.cpp">
      <Filter>Engine</Filter>
    </ClCompile>
    <ClCompile Include="Renderer.cpp">
      <Filter>Engine</Filter>
    </ClCompile>
    <ClCompile Include="Game.cpp">
      <Filter>Engine</Filter>
    </ClCompile>
    <ClCompile Include="Camera.cpp">
      <Filter>Source Files</Filter>
    </ClCompile>
    <ClCompile Include="ViewPort.cpp">
      <Filter>Source Files</Filter>
    </ClCompile>
    <ClCompile Include="AttributesComponent.cpp">
      <Filter>ECS\Components</Filter>
    </ClCompile>
    <ClCompile Include="EntityComponentSystem.cpp">
      <Filter>ECS</Filter>
    </ClCompile>
    <ClCompile Include="SpriteComp.cpp">
      <Filter>ECS\Components</Filter>
    </ClCompile>
    <ClCompile Include="MapTest.cpp">
      <Filter>Source Files</Filter>
    </ClCompile>
    <ClCompile Include="InputController.cpp">
      <Filter>ECS\Components</Filter>
    </ClCompile>
    <ClCompile Include="IUserInterface.cpp">
      <Filter>User Interface</Filter>
    </ClCompile>
    <ClCompile Include="UIWindow.cpp">
      <Filter>User Interface</Filter>
    </ClCompile>
    <ClCompile Include="UIButton.cpp">
      <Filter>User Interface</Filter>
    </ClCompile>
    <ClCompile Include="TempUIClass.cpp">
      <Filter>User Interface</Filter>
    </ClCompile>
    <ClCompile Include="TextManager.cpp">
      <Filter>Managers</Filter>
    </ClCompile>
    <ClCompile Include="TextureLoader.cpp">
      <Filter>Managers</Filter>
    </ClCompile>
    <ClCompile Include="UITextBox.cpp">
      <Filter>User Interface</Filter>
    </ClCompile>
    <ClCompile Include="UIListBox.cpp">
      <Filter>Source Files</Filter>
    </ClCompile>
    <ClCompile Include="UISelectScreen.cpp">
      <Filter>User Interface</Filter>
    </ClCompile>
    <ClCompile Include="UIStartScreen.cpp">
      <Filter>Source Files</Filter>
    </ClCompile>
    <ClCompile Include="UserInterfaceManager.cpp">
      <Filter>Managers</Filter>
    </ClCompile>
    <ClCompile Include="TileComp.cpp">
      <Filter>ECS\Components</Filter>
    </ClCompile>
    <ClCompile Include="EntityManager.cpp">
      <Filter>Managers</Filter>
    </ClCompile>
    <ClCompile Include="Spring.cpp">
      <Filter>Header Files</Filter>
    </ClCompile>
    <ClCompile Include="EntityContainer.cpp">
      <Filter>Source Files</Filter>
    </ClCompile>
    <ClCompile Include="Inventory.cpp">
      <Filter>ECS\Components</Filter>
    </ClCompile>
    <ClCompile Include="EquippedItems.cpp">
      <Filter>Source Files</Filter>
    </ClCompile>
    <ClCompile Include="Target.cpp">
      <Filter>Source Files</Filter>
    </ClCompile>
    <ClCompile Include="Animation.cpp">
      <Filter>ECS\Components</Filter>
    </ClCompile>
    <ClCompile Include="Ammo.cpp">
      <Filter>ECS\Components</Filter>
    </ClCompile>
    <ClCompile Include="Sound.cpp">
      <Filter>Engine</Filter>
    </ClCompile>
    <ClCompile Include="DXErr.cpp">
      <Filter>Engine</Filter>
    </ClCompile>
    <ClCompile Include="ColliderComponent.cpp">
      <Filter>Source Files</Filter>
    </ClCompile>
    <ClCompile Include="Path.cpp">
      <Filter>ECS\Components</Filter>
    </ClCompile>
    <ClCompile Include="PathManager.cpp">
      <Filter>Managers</Filter>
    </ClCompile>
    <ClCompile Include="Level.cpp">
      <Filter>Levels</Filter>
    </ClCompile>
    <ClCompile Include="FileManager.cpp">
      <Filter>Managers</Filter>
    </ClCompile>
    <ClCompile Include="SoundManager.cpp">
      <Filter>Managers</Filter>
    </ClCompile>
    <ClCompile Include="Actor.cpp">
      <Filter>Actor</Filter>
    </ClCompile>
    <ClCompile Include="Body.cpp">
      <Filter>Source Files</Filter>
    </ClCompile>
    <ClCompile Include="Turret.cpp">
      <Filter>Source Files</Filter>
    </ClCompile>
    <ClCompile Include="newAStar.cpp">
      <Filter>Engine</Filter>
    </ClCompile>
    <ClCompile Include="Group.cpp">
      <Filter>Source Files</Filter>
    </ClCompile>
  </ItemGroup>
  <ItemGroup>
    <ClInclude Include="stdafx.h">
      <Filter>Header Files</Filter>
    </ClInclude>
    <ClInclude Include="SimpleTimer.h">
      <Filter>Header Files</Filter>
    </ClInclude>
    <ClInclude Include="Locator.h">
      <Filter>Header Files</Filter>
    </ClInclude>
    <ClInclude Include="Keyboard.h">
      <Filter>Engine</Filter>
    </ClInclude>
    <ClInclude Include="D2DWindow.h">
      <Filter>Engine</Filter>
    </ClInclude>
    <ClInclude Include="Renderer.h">
      <Filter>Engine</Filter>
    </ClInclude>
    <ClInclude Include="Mouse.h">
      <Filter>Engine</Filter>
    </ClInclude>
    <ClInclude Include="Game.h">
      <Filter>Engine</Filter>
    </ClInclude>
    <ClInclude Include="Camera.h">
      <Filter>Header Files</Filter>
    </ClInclude>
    <ClInclude Include="Utils2D_v2.h">
      <Filter>Header Files</Filter>
    </ClInclude>
    <ClInclude Include="ViewPort.h">
      <Filter>Header Files</Filter>
    </ClInclude>
    <ClInclude Include="randomizer.h">
      <Filter>Header Files</Filter>
    </ClInclude>
    <ClInclude Include="ColliderComponent.h">
      <Filter>ECS\Components</Filter>
    </ClInclude>
    <ClInclude Include="TransformComp.h">
      <Filter>ECS\Components</Filter>
    </ClInclude>
    <ClInclude Include="SpriteComp.h">
      <Filter>ECS\Components</Filter>
    </ClInclude>
    <ClInclude Include="EntityComponentSystem.h">
      <Filter>ECS</Filter>
    </ClInclude>
    <ClInclude Include="AttributesComponent.h">
      <Filter>ECS\Components</Filter>
    </ClInclude>
    <ClInclude Include="Components.h">
      <Filter>ECS\Components</Filter>
    </ClInclude>
    <ClInclude Include="MapTest.h">
      <Filter>Source Files</Filter>
    </ClInclude>
    <ClInclude Include="RangeBased.h">
      <Filter>Header Files</Filter>
    </ClInclude>
    <ClInclude Include="InputController.h">
      <Filter>ECS\Components</Filter>
    </ClInclude>
    <ClInclude Include="IUserInterface.h">
      <Filter>User Interface</Filter>
    </ClInclude>
    <ClInclude Include="Table.h">
      <Filter>Header Files</Filter>
    </ClInclude>
    <ClInclude Include="UIWindow.h">
      <Filter>User Interface</Filter>
    </ClInclude>
    <ClInclude Include="UIButton.h">
      <Filter>User Interface</Filter>
    </ClInclude>
    <ClInclude Include="TempUIClass.h">
      <Filter>User Interface</Filter>
    </ClInclude>
    <ClInclude Include="UI.h">
      <Filter>User Interface</Filter>
    </ClInclude>
    <ClInclude Include="TextManager.h">
      <Filter>Managers</Filter>
    </ClInclude>
    <ClInclude Include="TextureLoader.h">
      <Filter>Managers</Filter>
    </ClInclude>
    <ClInclude Include="Managers.h">
      <Filter>Managers</Filter>
    </ClInclude>
    <ClInclude Include="UITextBox.h">
      <Filter>User Interface</Filter>
    </ClInclude>
    <ClInclude Include="UIListBox.h">
      <Filter>Header Files</Filter>
    </ClInclude>
    <ClInclude Include="UISelectScreen.h">
      <Filter>User Interface</Filter>
    </ClInclude>
    <ClInclude Include="UIStartScreen.h">
      <Filter>Header Files</Filter>
    </ClInclude>
    <ClInclude Include="GameState.h">
      <Filter>Header Files</Filter>
    </ClInclude>
    <ClInclude Include="UserInterfaceManager.h">
      <Filter>Managers</Filter>
    </ClInclude>
    <ClInclude Include="TileComp.h">
      <Filter>ECS\Components</Filter>
    </ClInclude>
    <ClInclude Include="D2DStuff.h">
      <Filter>Header Files</Filter>
    </ClInclude>
    <ClInclude Include="LightComp.h">
      <Filter>ECS\Components</Filter>
    </ClInclude>
    <ClInclude Include="EntityManager.h">
      <Filter>Managers</Filter>
    </ClInclude>
    <ClInclude Include="Spring.h">
      <Filter>ECS\Components</Filter>
    </ClInclude>
    <ClInclude Include="EntityContainer.h">
      <Filter>Header Files</Filter>
    </ClInclude>
    <ClInclude Include="Inventory.h">
      <Filter>ECS\Components</Filter>
    </ClInclude>
    <ClInclude Include="EquippedItems.h">
      <Filter>Header Files</Filter>
    </ClInclude>
    <ClInclude Include="Target.h">
      <Filter>Header Files</Filter>
    </ClInclude>
    <ClInclude Include="Animation.h">
      <Filter>ECS\Components</Filter>
    </ClInclude>
    <ClInclude Include="Ammo.h">
      <Filter>ECS\Components</Filter>
    </ClInclude>
    <ClInclude Include="Sound.h">
      <Filter>Engine</Filter>
    </ClInclude>
    <ClInclude Include="SoundEffect.h">
      <Filter>Engine</Filter>
    </ClInclude>
    <ClInclude Include="ChiliException.h">
      <Filter>Header Files</Filter>
    </ClInclude>
    <ClInclude Include="ChiliWin.h">
      <Filter>Header Files</Filter>
    </ClInclude>
    <ClInclude Include="DXErr.h">
      <Filter>Engine</Filter>
    </ClInclude>
    <ClInclude Include="Path.h">
      <Filter>ECS\Components</Filter>
    </ClInclude>
    <ClInclude Include="PathManager.h">
      <Filter>Managers</Filter>
    </ClInclude>
    <ClInclude Include="Level.h">
      <Filter>Levels</Filter>
    </ClInclude>
    <ClInclude Include="FileManager.h">
      <Filter>Managers</Filter>
    </ClInclude>
    <ClInclude Include="SoundManager.h">
      <Filter>Managers</Filter>
    </ClInclude>
    <ClInclude Include="Actor.h">
      <Filter>Actor</Filter>
    </ClInclude>
    <ClInclude Include="Body.h">
      <Filter>ECS\Components</Filter>
    </ClInclude>
    <ClInclude Include="Turret.h">
      <Filter>Header Files</Filter>
    </ClInclude>
    <ClInclude Include="newAStar.h">
      <Filter>Engine</Filter>
    </ClInclude>
    <ClInclude Include="Types.h">
      <Filter>Header Files</Filter>
    </ClInclude>
    <ClInclude Include="Group.h">
      <Filter>Header Files</Filter>
    </ClInclude>
  </ItemGroup>
</Project>