<?xml version="1.0" encoding="utf-8"?>
<Project ToolsVersion="4.0" xmlns="http://schemas.microsoft.com/developer/msbuild/2003">
  <ItemGroup>
    <Filter Include="Source Files">
      <UniqueIdentifier>{4FC737F1-C7A5-4376-A066-2A32D752A2FF}</UniqueIdentifier>
      <Extensions>cpp;c;cc;cxx;def;odl;idl;hpj;bat;asm;asmx</Extensions>
    </Filter>
    <Filter Include="Header Files">
      <UniqueIdentifier>{93995380-89BD-4b04-88EB-625FBE52EBFB}</UniqueIdentifier>
      <Extensions>h;hh;hpp;hxx;hm;inl;inc;xsd</Extensions>
    </Filter>
    <Filter Include="Resource Files">
      <UniqueIdentifier>{67DA6AB6-F800-4c08-8B7A-83BB121AAD01}</UniqueIdentifier>
      <Extensions>rc;ico;cur;bmp;dlg;rc2;rct;bin;rgs;gif;jpg;jpeg;jpe;resx;tiff;tif;png;wav;mfcribbon-ms</Extensions>
    </Filter>
    <Filter Include="Engine">
      <UniqueIdentifier>{7c88ee54-beb9-47b1-9f4c-6acec6463b07}</UniqueIdentifier>
    </Filter>
    <Filter Include="ECS">
      <UniqueIdentifier>{14634b61-3d85-4094-a579-839d24d9384a}</UniqueIdentifier>
    </Filter>
    <Filter Include="ECS\Components">
      <UniqueIdentifier>{01617033-a931-48cc-97ef-89defd62059c}</UniqueIdentifier>
    </Filter>
    <Filter Include="User Interface">
      <UniqueIdentifier>{76c1fd99-aeca-4e35-ab51-729f1f6bae07}</UniqueIdentifier>
    </Filter>
    <Filter Include="Managers">
      <UniqueIdentifier>{67648044-db81-4d41-9610-0c289dc65b4e}</UniqueIdentifier>
    </Filter>
    <Filter Include="Layers">
      <UniqueIdentifier>{00d8ec3f-d1f6-4fa1-9147-2ef17ecf3f2b}</UniqueIdentifier>
    </Filter>
    <Filter Include="Actor">
      <UniqueIdentifier>{f011a5ec-ba02-4231-b6b5-fd22fa3f7e9f}</UniqueIdentifier>
    </Filter>
  </ItemGroup>
  <ItemGroup>
    <ClCompile Include="Main.cpp">
      <Filter>Source Files</Filter>
    </ClCompile>
    <ClCompile Include="SimpleTimer.cpp">
      <Filter>Source Files</Filter>
    </ClCompile>
    <ClCompile Include="Locator.cpp">
      <Filter>Source Files</Filter>
    </ClCompile>
    <ClCompile Include="D2DWindow.cpp">
      <Filter>Engine</Filter>
    </ClCompile>
    <ClCompile Include="Keyboard.cpp">
      <Filter>Engine</Filter>
    </ClCompile>
    <ClCompile Include="Mouse.cpp">
      <Filter>Engine</Filter>
    </ClCompile>
    <ClCompile Include="Renderer.cpp">
      <Filter>Engine</Filter>
    </ClCompile>
    <ClCompile Include="Game.cpp">
      <Filter>Engine</Filter>
    </ClCompile>
    <ClCompile Include="Camera.cpp">
      <Filter>Source Files</Filter>
    </ClCompile>
    <ClCompile Include="ViewPort.cpp">
      <Filter>Source Files</Filter>
    </ClCompile>
    <ClCompile Include="AttributesComponent.cpp">
      <Filter>ECS\Components</Filter>
    </ClCompile>
    <ClCompile Include="EntityComponentSystem.cpp">
      <Filter>ECS</Filter>
    </ClCompile>
    <ClCompile Include="SpriteComp.cpp">
      <Filter>ECS\Components</Filter>
    </ClCompile>
    <ClCompile Include="MapTest.cpp">
      <Filter>Source Files</Filter>
    </ClCompile>
    <ClCompile Include="InputController.cpp">
      <Filter>ECS\Components</Filter>
    </ClCompile>
    <ClCompile Include="FileManager.cpp">
      <Filter>Source Files</Filter>
    </ClCompile>
    <ClCompile Include="IUserInterface.cpp">
      <Filter>User Interface</Filter>
    </ClCompile>
    <ClCompile Include="UIWindow.cpp">
      <Filter>User Interface</Filter>
    </ClCompile>
    <ClCompile Include="UIButton.cpp">
      <Filter>User Interface</Filter>
    </ClCompile>
    <ClCompile Include="TempUIClass.cpp">
      <Filter>User Interface</Filter>
    </ClCompile>
    <ClCompile Include="TextManager.cpp">
      <Filter>Managers</Filter>
    </ClCompile>
    <ClCompile Include="TextureLoader.cpp">
      <Filter>Managers</Filter>
    </ClCompile>
    <ClCompile Include="UITextBox.cpp">
      <Filter>User Interface</Filter>
    </ClCompile>
    <ClCompile Include="UIListBox.cpp">
      <Filter>Source Files</Filter>
    </ClCompile>
    <ClCompile Include="UISelectScreen.cpp">
      <Filter>User Interface</Filter>
    </ClCompile>
    <ClCompile Include="UIStartScreen.cpp">
      <Filter>Source Files</Filter>
    </ClCompile>
    <ClCompile Include="ItemComp.cpp">
      <Filter>Source Files</Filter>
    </ClCompile>
    <ClCompile Include="UserInterfaceManager.cpp">
      <Filter>Managers</Filter>
    </ClCompile>
    <ClCompile Include="MapLayer.cpp">
      <Filter>Source Files</Filter>
    </ClCompile>
    <ClCompile Include="TileComp.cpp">
      <Filter>ECS\Components</Filter>
    </ClCompile>
    <ClCompile Include="Chest.cpp">
      <Filter>ECS\Components</Filter>
    </ClCompile>
    <ClCompile Include="Actor.cpp">
      <Filter>Actor</Filter>
    </ClCompile>
    <ClCompile Include="ActorInventory.cpp">
      <Filter>Actor</Filter>
    </ClCompile>
    <ClCompile Include="ActorEquippedItems.cpp">
      <Filter>Actor</Filter>
    </ClCompile>
    <ClCompile Include="EntityManager.cpp">
      <Filter>Managers</Filter>
    </ClCompile>
    <ClCompile Include="Spring.cpp">
      <Filter>Header Files</Filter>
    </ClCompile>
  </ItemGroup>
  <ItemGroup>
    <ClInclude Include="stdafx.h">
      <Filter>Header Files</Filter>
    </ClInclude>
    <ClInclude Include="SimpleTimer.h">
      <Filter>Header Files</Filter>
    </ClInclude>
    <ClInclude Include="Locator.h">
      <Filter>Header Files</Filter>
    </ClInclude>
    <ClInclude Include="Keyboard.h">
      <Filter>Engine</Filter>
    </ClInclude>
    <ClInclude Include="D2DWindow.h">
      <Filter>Engine</Filter>
    </ClInclude>
    <ClInclude Include="Renderer.h">
      <Filter>Engine</Filter>
    </ClInclude>
    <ClInclude Include="Mouse.h">
      <Filter>Engine</Filter>
    </ClInclude>
    <ClInclude Include="Game.h">
      <Filter>Engine</Filter>
    </ClInclude>
    <ClInclude Include="Camera.h">
      <Filter>Header Files</Filter>
    </ClInclude>
    <ClInclude Include="Utils2D_v2.h">
      <Filter>Header Files</Filter>
    </ClInclude>
    <ClInclude Include="ViewPort.h">
      <Filter>Header Files</Filter>
    </ClInclude>
    <ClInclude Include="randomizer.h">
      <Filter>Header Files</Filter>
    </ClInclude>
    <ClInclude Include="ColliderComponent.h">
      <Filter>ECS\Components</Filter>
    </ClInclude>
    <ClInclude Include="TransformComp.h">
      <Filter>ECS\Components</Filter>
    </ClInclude>
    <ClInclude Include="SpriteComp.h">
      <Filter>ECS\Components</Filter>
    </ClInclude>
    <ClInclude Include="EntityComponentSystem.h">
      <Filter>ECS</Filter>
    </ClInclude>
    <ClInclude Include="AttributesComponent.h">
      <Filter>ECS\Components</Filter>
    </ClInclude>
    <ClInclude Include="Components.h">
      <Filter>ECS\Components</Filter>
    </ClInclude>
    <ClInclude Include="MapTest.h">
      <Filter>Source Files</Filter>
    </ClInclude>
    <ClInclude Include="RangeBased.h">
      <Filter>Header Files</Filter>
    </ClInclude>
    <ClInclude Include="InputController.h">
      <Filter>ECS\Components</Filter>
    </ClInclude>
    <ClInclude Include="ItemComp.h">
      <Filter>ECS\Components</Filter>
    </ClInclude>
    <ClInclude Include="FileManager.h">
      <Filter>Header Files</Filter>
    </ClInclude>
    <ClInclude Include="IUserInterface.h">
      <Filter>User Interface</Filter>
    </ClInclude>
    <ClInclude Include="Table.h">
      <Filter>Header Files</Filter>
    </ClInclude>
    <ClInclude Include="UIWindow.h">
      <Filter>User Interface</Filter>
    </ClInclude>
    <ClInclude Include="UIButton.h">
      <Filter>User Interface</Filter>
    </ClInclude>
    <ClInclude Include="TempUIClass.h">
      <Filter>User Interface</Filter>
    </ClInclude>
    <ClInclude Include="UI.h">
      <Filter>User Interface</Filter>
    </ClInclude>
    <ClInclude Include="TextManager.h">
      <Filter>Managers</Filter>
    </ClInclude>
    <ClInclude Include="TextureLoader.h">
      <Filter>Managers</Filter>
    </ClInclude>
    <ClInclude Include="Managers.h">
      <Filter>Managers</Filter>
    </ClInclude>
    <ClInclude Include="UITextBox.h">
      <Filter>User Interface</Filter>
    </ClInclude>
    <ClInclude Include="UIListBox.h">
      <Filter>Header Files</Filter>
    </ClInclude>
    <ClInclude Include="UISelectScreen.h">
      <Filter>User Interface</Filter>
    </ClInclude>
    <ClInclude Include="UIStartScreen.h">
      <Filter>Header Files</Filter>
    </ClInclude>
    <ClInclude Include="GameState.h">
      <Filter>Header Files</Filter>
    </ClInclude>
    <ClInclude Include="UserInterfaceManager.h">
      <Filter>Managers</Filter>
    </ClInclude>
    <ClInclude Include="MapLayer.h">
      <Filter>Header Files</Filter>
    </ClInclude>
    <ClInclude Include="TileComp.h">
      <Filter>ECS\Components</Filter>
    </ClInclude>
    <ClInclude Include="D2DStuff.h">
      <Filter>Header Files</Filter>
    </ClInclude>
    <ClInclude Include="Chest.h">
      <Filter>ECS\Components</Filter>
    </ClInclude>
    <ClInclude Include="Actor.h">
      <Filter>Actor</Filter>
    </ClInclude>
    <ClInclude Include="ActorInventory.h">
      <Filter>Actor</Filter>
    </ClInclude>
    <ClInclude Include="ActorEquippedItems.h">
      <Filter>Actor</Filter>
    </ClInclude>
    <ClInclude Include="LightComp.h">
      <Filter>ECS\Components</Filter>
    </ClInclude>
    <ClInclude Include="EntityManager.h">
      <Filter>Managers</Filter>
    </ClInclude>
    <ClInclude Include="Spring.h">
      <Filter>ECS\Components</Filter>
    </ClInclude>
  </ItemGroup>
</Project>